{
  "name": "@miloter/sqllikecompiler",
  "version": "1.0.0",
  "lockfileVersion": 3,
  "requires": true,
  "packages": {
    "": {
      "name": "@miloter/sqllikecompiler",
      "version": "1.0.0",
      "license": "MIT",
      "dependencies": {
        "@miloter/scanner": "^1.0.0",
        "@miloter/simil-words": "^1.0.1"
      },
      "engines": {
        "node": ">= 13.2.0"
      }
    },
    "node_modules/@miloter/scanner": {
      "version": "1.0.0",
      "resolved": "https://registry.npmjs.org/@miloter/scanner/-/scanner-1.0.0.tgz",
      "integrity": "sha512-ej78Yz086UCiIcca5xFetuHvnH7g6LjebJwlZPFO5+F9l+o8ZANvpRCfemeyR0nrWSkhdhjblYtanCVmSnYZTw==",
      "license": "MIT",
      "engines": {
        "node": ">= 13.2.0"
      }
    },
    "node_modules/@miloter/simil-words": {
      "version": "1.0.1",
      "resolved": "https://registry.npmjs.org/@miloter/simil-words/-/simil-words-1.0.1.tgz",
      "integrity": "sha512-cAR4mH3G00h5h/M1KvydY1qnl/usr2HwA1MPaCkFSIKrMwp3rNRMDs2UJMg5Txf/d8FdonxZUjLzQfutjylCHQ==",
      "license": "MIT",
      "engines": {
        "node": ">= 13.2.0"
      }
    }
  }
}
